// !$*UTF8*$!
{
	archiveVersion = 1;
	classes = {
	};
	objectVersion = 46;
	objects = {

/* Begin PBXBuildFile section */
		AFCB097A1A1B8C2E00214B0E /* AppDelegate.swift in Sources */ = {isa = PBXBuildFile; fileRef = AFCB09791A1B8C2E00214B0E /* AppDelegate.swift */; };
		AFCB097C1A1B8C2E00214B0E /* ViewController.swift in Sources */ = {isa = PBXBuildFile; fileRef = AFCB097B1A1B8C2E00214B0E /* ViewController.swift */; };
		AFCB097F1A1B8C2E00214B0E /* Main.storyboard in Resources */ = {isa = PBXBuildFile; fileRef = AFCB097D1A1B8C2E00214B0E /* Main.storyboard */; };
		AFCB09811A1B8C2E00214B0E /* Images.xcassets in Resources */ = {isa = PBXBuildFile; fileRef = AFCB09801A1B8C2E00214B0E /* Images.xcassets */; };
		AFCB09841A1B8C2E00214B0E /* LaunchScreen.xib in Resources */ = {isa = PBXBuildFile; fileRef = AFCB09821A1B8C2E00214B0E /* LaunchScreen.xib */; };
		AFCB09901A1B8C2E00214B0E /* SwiftUIInterfaceTests.swift in Sources */ = {isa = PBXBuildFile; fileRef = AFCB098F1A1B8C2E00214B0E /* SwiftUIInterfaceTests.swift */; };
/* End PBXBuildFile section */

/* Begin PBXContainerItemProxy section */
		AFCB098A1A1B8C2E00214B0E /* PBXContainerItemProxy */ = {
			isa = PBXContainerItemProxy;
			containerPortal = AFCB096C1A1B8C2E00214B0E /* Project object */;
			proxyType = 1;
			remoteGlobalIDString = AFCB09731A1B8C2E00214B0E;
			remoteInfo = SwiftUIInterface;
		};
/* End PBXContainerItemProxy section */

/* Begin PBXFileReference section */
		AFCB09741A1B8C2E00214B0E /* SwiftUIInterface.app */ = {isa = PBXFileReference; explicitFileType = wrapper.application; includeInIndex = 0; path = SwiftUIInterface.app; sourceTree = BUILT_PRODUCTS_DIR; };
		AFCB09781A1B8C2E00214B0E /* Info.plist */ = {isa = PBXFileReference; lastKnownFileType = text.plist.xml; path = Info.plist; sourceTree = "<group>"; };
		AFCB09791A1B8C2E00214B0E /* AppDelegate.swift */ = {isa = PBXFileReference; lastKnownFileType = sourcecode.swift; path = AppDelegate.swift; sourceTree = "<group>"; };
		AFCB097B1A1B8C2E00214B0E /* ViewController.swift */ = {isa = PBXFileReference; lastKnownFileType = sourcecode.swift; path = ViewController.swift; sourceTree = "<group>"; };
		AFCB097E1A1B8C2E00214B0E /* Base */ = {isa = PBXFileReference; lastKnownFileType = file.storyboard; name = Base; path = Base.lproj/Main.storyboard; sourceTree = "<group>"; };
		AFCB09801A1B8C2E00214B0E /* Images.xcassets */ = {isa = PBXFileReference; lastKnownFileType = folder.assetcatalog; path = Images.xcassets; sourceTree = "<group>"; };
		AFCB09831A1B8C2E00214B0E /* Base */ = {isa = PBXFileReference; lastKnownFileType = file.xib; name = Base; path = Base.lproj/LaunchScreen.xib; sourceTree = "<group>"; };
		AFCB09891A1B8C2E00214B0E /* SwiftUIInterfaceTests.xctest */ = {isa = PBXFileReference; explicitFileType = wrapper.cfbundle; includeInIndex = 0; path = SwiftUIInterfaceTests.xctest; sourceTree = BUILT_PRODUCTS_DIR; };
		AFCB098E1A1B8C2E00214B0E /* Info.plist */ = {isa = PBXFileReference; lastKnownFileType = text.plist.xml; path = Info.plist; sourceTree = "<group>"; };
		AFCB098F1A1B8C2E00214B0E /* SwiftUIInterfaceTests.swift */ = {isa = PBXFileReference; lastKnownFileType = sourcecode.swift; path = SwiftUIInterfaceTests.swift; sourceTree = "<group>"; };
/* End PBXFileReference section */

/* Begin PBXFrameworksBuildPhase section */
		AFCB09711A1B8C2E00214B0E /* Frameworks */ = {
			isa = PBXFrameworksBuildPhase;
			buildActionMask = 2147483647;
			files = (
			);
			runOnlyForDeploymentPostprocessing = 0;
		};
		AFCB09861A1B8C2E00214B0E /* Frameworks */ = {
			isa = PBXFrameworksBuildPhase;
			buildActionMask = 2147483647;
			files = (
			);
			runOnlyForDeploymentPostprocessing = 0;
		};
/* End PBXFrameworksBuildPhase section */

/* Begin PBXGroup section */
		AFCB096B1A1B8C2E00214B0E = {
			isa = PBXGroup;
			children = (
				AFCB09761A1B8C2E00214B0E /* SwiftUIInterface */,
				AFCB098C1A1B8C2E00214B0E /* SwiftUIInterfaceTests */,
				AFCB09751A1B8C2E00214B0E /* Products */,
			);
			sourceTree = "<group>";
		};
		AFCB09751A1B8C2E00214B0E /* Products */ = {
			isa = PBXGroup;
			children = (
				AFCB09741A1B8C2E00214B0E /* SwiftUIInterface.app */,
				AFCB09891A1B8C2E00214B0E /* SwiftUIInterfaceTests.xctest */,
			);
			name = Products;
			sourceTree = "<group>";
		};
		AFCB09761A1B8C2E00214B0E /* SwiftUIInterface */ = {
			isa = PBXGroup;
			children = (
				AFCB09791A1B8C2E00214B0E /* AppDelegate.swift */,
				AFCB097B1A1B8C2E00214B0E /* ViewController.swift */,
				AFCB097D1A1B8C2E00214B0E /* Main.storyboard */,
				AFCB09801A1B8C2E00214B0E /* Images.xcassets */,
				AFCB09821A1B8C2E00214B0E /* LaunchScreen.xib */,
				AFCB09771A1B8C2E00214B0E /* Supporting Files */,
			);
			path = SwiftUIInterface;
			sourceTree = "<group>";
		};
		AFCB09771A1B8C2E00214B0E /* Supporting Files */ = {
			isa = PBXGroup;
			children = (
				AFCB09781A1B8C2E00214B0E /* Info.plist */,
			);
			name = "Supporting Files";
			sourceTree = "<group>";
		};
		AFCB098C1A1B8C2E00214B0E /* SwiftUIInterfaceTests */ = {
			isa = PBXGroup;
			children = (
				AFCB098F1A1B8C2E00214B0E /* SwiftUIInterfaceTests.swift */,
				AFCB098D1A1B8C2E00214B0E /* Supporting Files */,
			);
			path = SwiftUIInterfaceTests;
			sourceTree = "<group>";
		};
		AFCB098D1A1B8C2E00214B0E /* Supporting Files */ = {
			isa = PBXGroup;
			children = (
				AFCB098E1A1B8C2E00214B0E /* Info.plist */,
			);
			name = "Supporting Files";
			sourceTree = "<group>";
		};
/* End PBXGroup section */

/* Begin PBXNativeTarget section */
		AFCB09731A1B8C2E00214B0E /* SwiftUIInterface */ = {
			isa = PBXNativeTarget;
			buildConfigurationList = AFCB09931A1B8C2E00214B0E /* Build configuration list for PBXNativeTarget "SwiftUIInterface" */;
			buildPhases = (
				AFCB09701A1B8C2E00214B0E /* Sources */,
				AFCB09711A1B8C2E00214B0E /* Frameworks */,
				AFCB09721A1B8C2E00214B0E /* Resources */,
			);
			buildRules = (
			);
			dependencies = (
			);
			name = SwiftUIInterface;
			productName = SwiftUIInterface;
			productReference = AFCB09741A1B8C2E00214B0E /* SwiftUIInterface.app */;
			productType = "com.apple.product-type.application";
		};
		AFCB09881A1B8C2E00214B0E /* SwiftUIInterfaceTests */ = {
			isa = PBXNativeTarget;
			buildConfigurationList = AFCB09961A1B8C2E00214B0E /* Build configuration list for PBXNativeTarget "SwiftUIInterfaceTests" */;
			buildPhases = (
				AFCB09851A1B8C2E00214B0E /* Sources */,
				AFCB09861A1B8C2E00214B0E /* Frameworks */,
				AFCB09871A1B8C2E00214B0E /* Resources */,
			);
			buildRules = (
			);
			dependencies = (
				AFCB098B1A1B8C2E00214B0E /* PBXTargetDependency */,
			);
			name = SwiftUIInterfaceTests;
			productName = SwiftUIInterfaceTests;
			productReference = AFCB09891A1B8C2E00214B0E /* SwiftUIInterfaceTests.xctest */;
			productType = "com.apple.product-type.bundle.unit-test";
		};
/* End PBXNativeTarget section */

/* Begin PBXProject section */
		AFCB096C1A1B8C2E00214B0E /* Project object */ = {
			isa = PBXProject;
			attributes = {
				LastUpgradeCheck = 0610;
				ORGANIZATIONNAME = kylelin;
				TargetAttributes = {
					AFCB09731A1B8C2E00214B0E = {
						CreatedOnToolsVersion = 6.1;
					};
					AFCB09881A1B8C2E00214B0E = {
						CreatedOnToolsVersion = 6.1;
						TestTargetID = AFCB09731A1B8C2E00214B0E;
					};
				};
			};
			buildConfigurationList = AFCB096F1A1B8C2E00214B0E /* Build configuration list for PBXProject "SwiftUIInterface" */;
			compatibilityVersion = "Xcode 3.2";
			developmentRegion = English;
			hasScannedForEncodings = 0;
			knownRegions = (
				en,
				Base,
			);
			mainGroup = AFCB096B1A1B8C2E00214B0E;
			productRefGroup = AFCB09751A1B8C2E00214B0E /* Products */;
			projectDirPath = "";
			projectRoot = "";
			targets = (
				AFCB09731A1B8C2E00214B0E /* SwiftUIInterface */,
				AFCB09881A1B8C2E00214B0E /* SwiftUIInterfaceTests */,
			);
		};
/* End PBXProject section */

/* Begin PBXResourcesBuildPhase section */
		AFCB09721A1B8C2E00214B0E /* Resources */ = {
			isa = PBXResourcesBuildPhase;
			buildActionMask = 2147483647;
			files = (
				AFCB097F1A1B8C2E00214B0E /* Main.storyboard in Resources */,
				AFCB09841A1B8C2E00214B0E /* LaunchScreen.xib in Resources */,
				AFCB09811A1B8C2E00214B0E /* Images.xcassets in Resources */,
			);
			runOnlyForDeploymentPostprocessing = 0;
		};
		AFCB09871A1B8C2E00214B0E /* Resources */ = {
			isa = PBXResourcesBuildPhase;
			buildActionMask = 2147483647;
			files = (
			);
			runOnlyForDeploymentPostprocessing = 0;
		};
/* End PBXResourcesBuildPhase section */

/* Begin PBXSourcesBuildPhase section */
		AFCB09701A1B8C2E00214B0E /* Sources */ = {
			isa = PBXSourcesBuildPhase;
			buildActionMask = 2147483647;
			files = (
				AFCB097C1A1B8C2E00214B0E /* ViewController.swift in Sources */,
				AFCB097A1A1B8C2E00214B0E /* AppDelegate.swift in Sources */,
			);
			runOnlyForDeploymentPostprocessing = 0;
		};
		AFCB09851A1B8C2E00214B0E /* Sources */ = {
			isa = PBXSourcesBuildPhase;
			buildActionMask = 2147483647;
			files = (
				AFCB09901A1B8C2E00214B0E /* SwiftUIInterfaceTests.swift in Sources */,
			);
			runOnlyForDeploymentPostprocessing = 0;
		};
/* End PBXSourcesBuildPhase section */

/* Begin PBXTargetDependency section */
		AFCB098B1A1B8C2E00214B0E /* PBXTargetDependency */ = {
			isa = PBXTargetDependency;
			target = AFCB09731A1B8C2E00214B0E /* SwiftUIInterface */;
			targetProxy = AFCB098A1A1B8C2E00214B0E /* PBXContainerItemProxy */;
		};
/* End PBXTargetDependency section */

/* Begin PBXVariantGroup section */
		AFCB097D1A1B8C2E00214B0E /* Main.storyboard */ = {
			isa = PBXVariantGroup;
			children = (
				AFCB097E1A1B8C2E00214B0E /* Base */,
			);
			name = Main.storyboard;
			sourceTree = "<group>";
		};
		AFCB09821A1B8C2E00214B0E /* LaunchScreen.xib */ = {
			isa = PBXVariantGroup;
			children = (
				AFCB09831A1B8C2E00214B0E /* Base */,
			);
			name = LaunchScreen.xib;
			sourceTree = "<group>";
		};
/* End PBXVariantGroup section */

/* Begin XCBuildConfiguration section */
		AFCB09911A1B8C2E00214B0E /* Debug */ = {
			isa = XCBuildConfiguration;
			buildSettings = {
				ALWAYS_SEARCH_USER_PATHS = NO;
				CLANG_CXX_LANGUAGE_STANDARD = "gnu++0x";
				CLANG_CXX_LIBRARY = "libc++";
				CLANG_ENABLE_MODULES = YES;
				CLANG_ENABLE_OBJC_ARC = YES;
				CLANG_WARN_BOOL_CONVERSION = YES;
				CLANG_WARN_CONSTANT_CONVERSION = YES;
				CLANG_WARN_DIRECT_OBJC_ISA_USAGE = YES_ERROR;
				CLANG_WARN_EMPTY_BODY = YES;
				CLANG_WARN_ENUM_CONVERSION = YES;
				CLANG_WARN_INT_CONVERSION = YES;
				CLANG_WARN_OBJC_ROOT_CLASS = YES_ERROR;
				CLANG_WARN_UNREACHABLE_CODE = YES;
				CLANG_WARN__DUPLICATE_METHOD_MATCH = YES;
				"CODE_SIGN_IDENTITY[sdk=iphoneos*]" = "iPhone Developer";
				COPY_PHASE_STRIP = NO;
				ENABLE_STRICT_OBJC_MSGSEND = YES;
				GCC_C_LANGUAGE_STANDARD = gnu99;
				GCC_DYNAMIC_NO_PIC = NO;
				GCC_OPTIMIZATION_LEVEL = 0;
				GCC_PREPROCESSOR_DEFINITIONS = (
					"DEBUG=1",
					"$(inherited)",
				);
				GCC_SYMBOLS_PRIVATE_EXTERN = NO;
				GCC_WARN_64_TO_32_BIT_CONVERSION = YES;
				GCC_WARN_ABOUT_RETURN_TYPE = YES_ERROR;
				GCC_WARN_UNDECLARED_SELECTOR = YES;
				GCC_WARN_UNINITIALIZED_AUTOS = YES_AGGRESSIVE;
				GCC_WARN_UNUSED_FUNCTION = YES;
				GCC_WARN_UNUSED_VARIABLE = YES;
				IPHONEOS_DEPLOYMENT_TARGET = 8.1;
				MTL_ENABLE_DEBUG_INFO = YES;
				ONLY_ACTIVE_ARCH = YES;
				SDKROOT = iphoneos;
				SWIFT_OPTIMIZATION_LEVEL = "-Onone";
				TARGETED_DEVICE_FAMILY = "1,2";
			};
			name = Debug;
		};
		AFCB09921A1B8C2E00214B0E /* Release */ = {
			isa = XCBuildConfiguration;
			buildSettings = {
				ALWAYS_SEARCH_USER_PATHS = NO;
				CLANG_CXX_LANGUAGE_STANDARD = "gnu++0x";
				CLANG_CXX_LIBRARY = "libc++";
				CLANG_ENABLE_MODULES = YES;
				CLANG_ENABLE_OBJC_ARC = YES;
				CLANG_WARN_BOOL_CONVERSION = YES;
				CLANG_WARN_CONSTANT_CONVERSION = YES;
				CLANG_WARN_DIRECT_OBJC_ISA_USAGE = YES_ERROR;
				CLANG_WARN_EMPTY_BODY = YES;
				CLANG_WARN_ENUM_CONVERSION = YES;
				CLANG_WARN_INT_CONVERSION = YES;
				CLANG_WARN_OBJC_ROOT_CLASS = YES_ERROR;
				CLANG_WARN_UNREACHABLE_CODE = YES;
				CLANG_WARN__DUPLICATE_METHOD_MATCH = YES;
				"CODE_SIGN_IDENTITY[sdk=iphoneos*]" = "iPhone Developer";
				COPY_PHASE_STRIP = YES;
				ENABLE_NS_ASSERTIONS = NO;
				ENABLE_STRICT_OBJC_MSGSEND = YES;
				GCC_C_LANGUAGE_STANDARD = gnu99;
				GCC_WARN_64_TO_32_BIT_CONVERSION = YES;
				GCC_WARN_ABOUT_RETURN_TYPE = YES_ERROR;
				GCC_WARN_UNDECLARED_SELECTOR = YES;
				GCC_WARN_UNINITIALIZED_AUTOS = YES_AGGRESSIVE;
				GCC_WARN_UNUSED_FUNCTION = YES;
				GCC_WARN_UNUSED_VARIABLE = YES;
				IPHONEOS_DEPLOYMENT_TARGET = 8.1;
				MTL_ENABLE_DEBUG_INFO = NO;
				SDKROOT = iphoneos;
				TARGETED_DEVICE_FAMILY = "1,2";
				VALIDATE_PRODUCT = YES;
			};
			name = Release;
		};
		AFCB09941A1B8C2E00214B0E /* Debug */ = {
			isa = XCBuildConfiguration;
			buildSettings = {
				ASSETCATALOG_COMPILER_APPICON_NAME = AppIcon;
				INFOPLIST_FILE = SwiftUIInterface/Info.plist;
				LD_RUNPATH_SEARCH_PATHS = "$(inherited) @executable_path/Frameworks";
				PRODUCT_NAME = "$(TARGET_NAME)";
			};
			name = Debug;
		};
		AFCB09951A1B8C2E00214B0E /* Release */ = {
			isa = XCBuildConfiguration;
			buildSettings = {
				ASSETCATALOG_COMPILER_APPICON_NAME = AppIcon;
				INFOPLIST_FILE = SwiftUIInterface/Info.plist;
				LD_RUNPATH_SEARCH_PATHS = "$(inherited) @executable_path/Frameworks";
				PRODUCT_NAME = "$(TARGET_NAME)";
			};
			name = Release;
		};
		AFCB09971A1B8C2E00214B0E /* Debug */ = {
			isa = XCBuildConfiguration;
			buildSettings = {
				BUNDLE_LOADER = "$(TEST_HOST)";
				FRAMEWORK_SEARCH_PATHS = (
					"$(SDKROOT)/Developer/Library/Frameworks",
					"$(inherited)",
				);
				GCC_PREPROCESSOR_DEFINITIONS = (
					"DEBUG=1",
					"$(inherited)",
				);
				INFOPLIST_FILE = SwiftUIInterfaceTests/Info.plist;
				LD_RUNPATH_SEARCH_PATHS = "$(inherited) @executable_path/Frameworks @loader_path/Frameworks";
				PRODUCT_NAME = "$(TARGET_NAME)";
				TEST_HOST = "$(BUILT_PRODUCTS_DIR)/SwiftUIInterface.app/SwiftUIInterface";
			};
			name = Debug;
		};
		AFCB09981A1B8C2E00214B0E /* Release */ = {
			isa = XCBuildConfiguration;
			buildSettings = {
				BUNDLE_LOADER = "$(TEST_HOST)";
				FRAMEWORK_SEARCH_PATHS = (
					"$(SDKROOT)/Developer/Library/Frameworks",
					"$(inherited)",
				);
				INFOPLIST_FILE = SwiftUIInterfaceTests/Info.plist;
				LD_RUNPATH_SEARCH_PATHS = "$(inherited) @executable_path/Frameworks @loader_path/Frameworks";
				PRODUCT_NAME = "$(TARGET_NAME)";
				TEST_HOST = "$(BUILT_PRODUCTS_DIR)/SwiftUIInterface.app/SwiftUIInterface";
			};
			name = Release;
		};
/* End XCBuildConfiguration section */

/* Begin XCConfigurationList section */
		AFCB096F1A1B8C2E00214B0E /* Build configuration list for PBXProject "SwiftUIInterface" */ = {
			isa = XCConfigurationList;
			buildConfigurations = (
				AFCB09911A1B8C2E00214B0E /* Debug */,
				AFCB09921A1B8C2E00214B0E /* Release */,
			);
			defaultConfigurationIsVisible = 0;
			defaultConfigurationName = Release;
		};
		AFCB09931A1B8C2E00214B0E /* Build configuration list for PBXNativeTarget "SwiftUIInterface" */ = {
			isa = XCConfigurationList;
			buildConfigurations = (
				AFCB09941A1B8C2E00214B0E /* Debug */,
				AFCB09951A1B8C2E00214B0E /* Release */,
			);
			defaultConfigurationIsVisible = 0;
		};
		AFCB09961A1B8C2E00214B0E /* Build configuration list for PBXNativeTarget "SwiftUIInterfaceTests" */ = {
			isa = XCConfigurationList;
			buildConfigurations = (
				AFCB09971A1B8C2E00214B0E /* Debug */,
				AFCB09981A1B8C2E00214B0E /* Release */,
			);
			defaultConfigurationIsVisible = 0;
		};
/* End XCConfigurationList section */
	};
	rootObject = AFCB096C1A1B8C2E00214B0E /* Project object */;
}
